
Microsoft Visual Studio Solution File, Format Version 12.00
# Visual Studio Version 16
VisualStudioVersion = 16.0.31025.194
MinimumVisualStudioVersion = 10.0.40219.1
Project("{2150E333-8FDC-42A3-9474-1A3956D46DE8}") = "HomeWork_1", "HomeWork_1", "{A0109493-B0B8-4922-8B22-A7CD2AE45AAC}"
EndProject
Project("{9A19103F-16F7-4668-BE54-9A1E7A4F7556}") = "HW1_1", "HomeWork_1\HW1_1\HW1_1.csproj", "{EC65D0D3-6829-4157-915E-DDCC1DCFE2CD}"
EndProject
Project("{9A19103F-16F7-4668-BE54-9A1E7A4F7556}") = "HW1_2", "HomeWork_1\HW1_2\HW1_2.csproj", "{77DF9B1A-8AB0-4826-9EBA-FF9F20C57288}"
EndProject
Project("{9A19103F-16F7-4668-BE54-9A1E7A4F7556}") = "HW1_3", "HomeWork_1\HW1_3\HW1_3.csproj", "{874EA326-0216-441F-980C-65CCA063211A}"
EndProject
Project("{2150E333-8FDC-42A3-9474-1A3956D46DE8}") = "HomeWork_2", "HomeWork_2", "{989CD2FE-1C6F-42BD-A33A-F122CCFEF22E}"
EndProject
Project("{9A19103F-16F7-4668-BE54-9A1E7A4F7556}") = "Hw2_1", "HomeWork_2\Hw2_1\Hw2_1.csproj", "{12F87DDE-2124-4880-B16C-2C50BCC6F955}"
EndProject
Project("{9A19103F-16F7-4668-BE54-9A1E7A4F7556}") = "HW2_2", "HomeWork_2\HW2_2\HW2_2.csproj", "{2312BF06-D62D-46F1-A7B8-93197552A75C}"
EndProject
Project("{9A19103F-16F7-4668-BE54-9A1E7A4F7556}") = "HW2.Tests", "HomeWork_2\TestProject1\HW2.Tests.csproj", "{F529EEF6-28A4-4C54-B753-93E99F1CAD39}"
EndProject
Project("{2150E333-8FDC-42A3-9474-1A3956D46DE8}") = "HomeWork_3", "HomeWork_3", "{6E71C0F5-3E76-4B20-8A15-13CBF8CF6040}"
EndProject
Project("{9A19103F-16F7-4668-BE54-9A1E7A4F7556}") = "HW3_1", "HomeWork_3\HW3_1\HW3_1.csproj", "{458F33CA-33BD-49C6-AB42-5C551BC9F05E}"
EndProject
Global
	GlobalSection(SolutionConfigurationPlatforms) = preSolution
		Debug|Any CPU = Debug|Any CPU
		Release|Any CPU = Release|Any CPU
	EndGlobalSection
	GlobalSection(ProjectConfigurationPlatforms) = postSolution
		{EC65D0D3-6829-4157-915E-DDCC1DCFE2CD}.Debug|Any CPU.ActiveCfg = Debug|Any CPU
		{EC65D0D3-6829-4157-915E-DDCC1DCFE2CD}.Debug|Any CPU.Build.0 = Debug|Any CPU
		{EC65D0D3-6829-4157-915E-DDCC1DCFE2CD}.Release|Any CPU.ActiveCfg = Release|Any CPU
		{EC65D0D3-6829-4157-915E-DDCC1DCFE2CD}.Release|Any CPU.Build.0 = Release|Any CPU
		{77DF9B1A-8AB0-4826-9EBA-FF9F20C57288}.Debug|Any CPU.ActiveCfg = Debug|Any CPU
		{77DF9B1A-8AB0-4826-9EBA-FF9F20C57288}.Debug|Any CPU.Build.0 = Debug|Any CPU
		{77DF9B1A-8AB0-4826-9EBA-FF9F20C57288}.Release|Any CPU.ActiveCfg = Release|Any CPU
		{77DF9B1A-8AB0-4826-9EBA-FF9F20C57288}.Release|Any CPU.Build.0 = Release|Any CPU
		{874EA326-0216-441F-980C-65CCA063211A}.Debug|Any CPU.ActiveCfg = Debug|Any CPU
		{874EA326-0216-441F-980C-65CCA063211A}.Debug|Any CPU.Build.0 = Debug|Any CPU
		{874EA326-0216-441F-980C-65CCA063211A}.Release|Any CPU.ActiveCfg = Release|Any CPU
		{874EA326-0216-441F-980C-65CCA063211A}.Release|Any CPU.Build.0 = Release|Any CPU
		{12F87DDE-2124-4880-B16C-2C50BCC6F955}.Debug|Any CPU.ActiveCfg = Debug|Any CPU
		{12F87DDE-2124-4880-B16C-2C50BCC6F955}.Debug|Any CPU.Build.0 = Debug|Any CPU
		{12F87DDE-2124-4880-B16C-2C50BCC6F955}.Release|Any CPU.ActiveCfg = Release|Any CPU
		{12F87DDE-2124-4880-B16C-2C50BCC6F955}.Release|Any CPU.Build.0 = Release|Any CPU
		{2312BF06-D62D-46F1-A7B8-93197552A75C}.Debug|Any CPU.ActiveCfg = Debug|Any CPU
		{2312BF06-D62D-46F1-A7B8-93197552A75C}.Debug|Any CPU.Build.0 = Debug|Any CPU
		{2312BF06-D62D-46F1-A7B8-93197552A75C}.Release|Any CPU.ActiveCfg = Release|Any CPU
		{2312BF06-D62D-46F1-A7B8-93197552A75C}.Release|Any CPU.Build.0 = Release|Any CPU
		{F529EEF6-28A4-4C54-B753-93E99F1CAD39}.Debug|Any CPU.ActiveCfg = Debug|Any CPU
		{F529EEF6-28A4-4C54-B753-93E99F1CAD39}.Debug|Any CPU.Build.0 = Debug|Any CPU
		{F529EEF6-28A4-4C54-B753-93E99F1CAD39}.Release|Any CPU.ActiveCfg = Release|Any CPU
		{F529EEF6-28A4-4C54-B753-93E99F1CAD39}.Release|Any CPU.Build.0 = Release|Any CPU
		{458F33CA-33BD-49C6-AB42-5C551BC9F05E}.Debug|Any CPU.ActiveCfg = Debug|Any CPU
		{458F33CA-33BD-49C6-AB42-5C551BC9F05E}.Debug|Any CPU.Build.0 = Debug|Any CPU
		{458F33CA-33BD-49C6-AB42-5C551BC9F05E}.Release|Any CPU.ActiveCfg = Release|Any CPU
		{458F33CA-33BD-49C6-AB42-5C551BC9F05E}.Release|Any CPU.Build.0 = Release|Any CPU
	EndGlobalSection
	GlobalSection(SolutionProperties) = preSolution
		HideSolutionNode = FALSE
	EndGlobalSection
	GlobalSection(NestedProjects) = preSolution
		{EC65D0D3-6829-4157-915E-DDCC1DCFE2CD} = {A0109493-B0B8-4922-8B22-A7CD2AE45AAC}
		{77DF9B1A-8AB0-4826-9EBA-FF9F20C57288} = {A0109493-B0B8-4922-8B22-A7CD2AE45AAC}
		{874EA326-0216-441F-980C-65CCA063211A} = {A0109493-B0B8-4922-8B22-A7CD2AE45AAC}
		{12F87DDE-2124-4880-B16C-2C50BCC6F955} = {989CD2FE-1C6F-42BD-A33A-F122CCFEF22E}
		{2312BF06-D62D-46F1-A7B8-93197552A75C} = {989CD2FE-1C6F-42BD-A33A-F122CCFEF22E}
		{F529EEF6-28A4-4C54-B753-93E99F1CAD39} = {989CD2FE-1C6F-42BD-A33A-F122CCFEF22E}
		{458F33CA-33BD-49C6-AB42-5C551BC9F05E} = {6E71C0F5-3E76-4B20-8A15-13CBF8CF6040}
	EndGlobalSection
	GlobalSection(ExtensibilityGlobals) = postSolution
		SolutionGuid = {E1DF9176-DE72-4889-B62A-1389155DD358}
	EndGlobalSection
EndGlobal
